
Microsoft Visual Studio Solution File, Format Version 12.00
# Visual Studio Version 17
VisualStudioVersion = 17.2.32616.157
MinimumVisualStudioVersion = 10.0.40219.1
Project("{FAE04EC0-301F-11D3-BF4B-00C04F79EFBC}") = "CVRHudUtils", "CVRHudUtils\CVRHudUtils.csproj", "{D4ED52D6-8B61-4952-AD18-FF3BCCCF4856}"
EndProject
Global
	GlobalSection(SolutionConfigurationPlatforms) = preSolution
		Debug|Any CPU = Debug|Any CPU
		Release|Any CPU = Release|Any CPU
	EndGlobalSection
	GlobalSection(ProjectConfigurationPlatforms) = postSolution
		{D4ED52D6-8B61-4952-AD18-FF3BCCCF4856}.Debug|Any CPU.ActiveCfg = Debug|Any CPU
		{D4ED52D6-8B61-4952-AD18-FF3BCCCF4856}.Debug|Any CPU.Build.0 = Debug|Any CPU
		{D4ED52D6-8B61-4952-AD18-FF3BCCCF4856}.Release|Any CPU.ActiveCfg = Release|Any CPU
		{D4ED52D6-8B61-4952-AD18-FF3BCCCF4856}.Release|Any CPU.Build.0 = Release|Any CPU
	EndGlobalSection
	GlobalSection(SolutionProperties) = preSolution
		HideSolutionNode = FALSE
	EndGlobalSection
	GlobalSection(ExtensibilityGlobals) = postSolution
		SolutionGuid = {05ADCB6C-1B54-401E-A45C-02597AD6F757}
	EndGlobalSection
EndGlobal
